
Microsoft Visual Studio Solution File, Format Version 12.00
# Visual Studio Version 16
VisualStudioVersion = 16.0.31515.178
MinimumVisualStudioVersion = 10.0.40219.1
Project("{8BC9CEB8-8B4A-11D0-8D11-00A0C91BC942}") = "prac1(2)", "prac1(2)\prac1(2).vcxproj", "{6FB3F456-9AE1-4903-8E0D-AE06FC5C1D58}"
EndProject
Global
	GlobalSection(SolutionConfigurationPlatforms) = preSolution
		Debug|x64 = Debug|x64
		Debug|x86 = Debug|x86
		Release|x64 = Release|x64
		Release|x86 = Release|x86
	EndGlobalSection
	GlobalSection(ProjectConfigurationPlatforms) = postSolution
		{6FB3F456-9AE1-4903-8E0D-AE06FC5C1D58}.Debug|x64.ActiveCfg = Debug|x64
		{6FB3F456-9AE1-4903-8E0D-AE06FC5C1D58}.Debug|x64.Build.0 = Debug|x64
		{6FB3F456-9AE1-4903-8E0D-AE06FC5C1D58}.Debug|x86.ActiveCfg = Debug|Win32
		{6FB3F456-9AE1-4903-8E0D-AE06FC5C1D58}.Debug|x86.Build.0 = Debug|Win32
		{6FB3F456-9AE1-4903-8E0D-AE06FC5C1D58}.Release|x64.ActiveCfg = Release|x64
		{6FB3F456-9AE1-4903-8E0D-AE06FC5C1D58}.Release|x64.Build.0 = Release|x64
		{6FB3F456-9AE1-4903-8E0D-AE06FC5C1D58}.Release|x86.ActiveCfg = Release|Win32
		{6FB3F456-9AE1-4903-8E0D-AE06FC5C1D58}.Release|x86.Build.0 = Release|Win32
	EndGlobalSection
	GlobalSection(SolutionProperties) = preSolution
		HideSolutionNode = FALSE
	EndGlobalSection
	GlobalSection(ExtensibilityGlobals) = postSolution
		SolutionGuid = {DDB5E2EA-19B1-41FF-BE5B-21CA96935663}
	EndGlobalSection
EndGlobal
