
Microsoft Visual Studio Solution File, Format Version 12.00
# Visual Studio Version 16
VisualStudioVersion = 16.0.31515.178
MinimumVisualStudioVersion = 10.0.40219.1
Project("{8BC9CEB8-8B4A-11D0-8D11-00A0C91BC942}") = "예제10-4", "예제10-4\예제10-4.vcxproj", "{DF59821C-E8D5-49B3-BC7F-5A55DB1E90F8}"
EndProject
Global
	GlobalSection(SolutionConfigurationPlatforms) = preSolution
		Debug|x64 = Debug|x64
		Debug|x86 = Debug|x86
		Release|x64 = Release|x64
		Release|x86 = Release|x86
	EndGlobalSection
	GlobalSection(ProjectConfigurationPlatforms) = postSolution
		{DF59821C-E8D5-49B3-BC7F-5A55DB1E90F8}.Debug|x64.ActiveCfg = Debug|x64
		{DF59821C-E8D5-49B3-BC7F-5A55DB1E90F8}.Debug|x64.Build.0 = Debug|x64
		{DF59821C-E8D5-49B3-BC7F-5A55DB1E90F8}.Debug|x86.ActiveCfg = Debug|Win32
		{DF59821C-E8D5-49B3-BC7F-5A55DB1E90F8}.Debug|x86.Build.0 = Debug|Win32
		{DF59821C-E8D5-49B3-BC7F-5A55DB1E90F8}.Release|x64.ActiveCfg = Release|x64
		{DF59821C-E8D5-49B3-BC7F-5A55DB1E90F8}.Release|x64.Build.0 = Release|x64
		{DF59821C-E8D5-49B3-BC7F-5A55DB1E90F8}.Release|x86.ActiveCfg = Release|Win32
		{DF59821C-E8D5-49B3-BC7F-5A55DB1E90F8}.Release|x86.Build.0 = Release|Win32
	EndGlobalSection
	GlobalSection(SolutionProperties) = preSolution
		HideSolutionNode = FALSE
	EndGlobalSection
	GlobalSection(ExtensibilityGlobals) = postSolution
		SolutionGuid = {234979FF-DF82-460A-9741-5ABCC2F81BCB}
	EndGlobalSection
EndGlobal
