
Microsoft Visual Studio Solution File, Format Version 12.00
# Visual Studio Version 16
VisualStudioVersion = 16.0.31515.178
MinimumVisualStudioVersion = 10.0.40219.1
Project("{8BC9CEB8-8B4A-11D0-8D11-00A0C91BC942}") = "prac9", "prac9\prac9.vcxproj", "{88909089-BEAC-4D4D-BA2D-78BD1EF1DBC9}"
EndProject
Global
	GlobalSection(SolutionConfigurationPlatforms) = preSolution
		Debug|x64 = Debug|x64
		Debug|x86 = Debug|x86
		Release|x64 = Release|x64
		Release|x86 = Release|x86
	EndGlobalSection
	GlobalSection(ProjectConfigurationPlatforms) = postSolution
		{88909089-BEAC-4D4D-BA2D-78BD1EF1DBC9}.Debug|x64.ActiveCfg = Debug|x64
		{88909089-BEAC-4D4D-BA2D-78BD1EF1DBC9}.Debug|x64.Build.0 = Debug|x64
		{88909089-BEAC-4D4D-BA2D-78BD1EF1DBC9}.Debug|x86.ActiveCfg = Debug|Win32
		{88909089-BEAC-4D4D-BA2D-78BD1EF1DBC9}.Debug|x86.Build.0 = Debug|Win32
		{88909089-BEAC-4D4D-BA2D-78BD1EF1DBC9}.Release|x64.ActiveCfg = Release|x64
		{88909089-BEAC-4D4D-BA2D-78BD1EF1DBC9}.Release|x64.Build.0 = Release|x64
		{88909089-BEAC-4D4D-BA2D-78BD1EF1DBC9}.Release|x86.ActiveCfg = Release|Win32
		{88909089-BEAC-4D4D-BA2D-78BD1EF1DBC9}.Release|x86.Build.0 = Release|Win32
	EndGlobalSection
	GlobalSection(SolutionProperties) = preSolution
		HideSolutionNode = FALSE
	EndGlobalSection
	GlobalSection(ExtensibilityGlobals) = postSolution
		SolutionGuid = {65C47843-71B0-4E6D-9D33-70BBEC3B2EE3}
	EndGlobalSection
EndGlobal
