
Microsoft Visual Studio Solution File, Format Version 12.00
# Visual Studio Version 16
VisualStudioVersion = 16.0.31515.178
MinimumVisualStudioVersion = 10.0.40219.1
Project("{8BC9CEB8-8B4A-11D0-8D11-00A0C91BC942}") = "prac11", "prac11\prac11.vcxproj", "{060B95A6-BBAB-4BE7-A25D-C4C3DC5AD544}"
EndProject
Global
	GlobalSection(SolutionConfigurationPlatforms) = preSolution
		Debug|x64 = Debug|x64
		Debug|x86 = Debug|x86
		Release|x64 = Release|x64
		Release|x86 = Release|x86
	EndGlobalSection
	GlobalSection(ProjectConfigurationPlatforms) = postSolution
		{060B95A6-BBAB-4BE7-A25D-C4C3DC5AD544}.Debug|x64.ActiveCfg = Debug|x64
		{060B95A6-BBAB-4BE7-A25D-C4C3DC5AD544}.Debug|x64.Build.0 = Debug|x64
		{060B95A6-BBAB-4BE7-A25D-C4C3DC5AD544}.Debug|x86.ActiveCfg = Debug|Win32
		{060B95A6-BBAB-4BE7-A25D-C4C3DC5AD544}.Debug|x86.Build.0 = Debug|Win32
		{060B95A6-BBAB-4BE7-A25D-C4C3DC5AD544}.Release|x64.ActiveCfg = Release|x64
		{060B95A6-BBAB-4BE7-A25D-C4C3DC5AD544}.Release|x64.Build.0 = Release|x64
		{060B95A6-BBAB-4BE7-A25D-C4C3DC5AD544}.Release|x86.ActiveCfg = Release|Win32
		{060B95A6-BBAB-4BE7-A25D-C4C3DC5AD544}.Release|x86.Build.0 = Release|Win32
	EndGlobalSection
	GlobalSection(SolutionProperties) = preSolution
		HideSolutionNode = FALSE
	EndGlobalSection
	GlobalSection(ExtensibilityGlobals) = postSolution
		SolutionGuid = {5DAD03DD-A86D-482A-A943-2014F6AE155D}
	EndGlobalSection
EndGlobal
