
Microsoft Visual Studio Solution File, Format Version 12.00
# Visual Studio Version 16
VisualStudioVersion = 16.0.31515.178
MinimumVisualStudioVersion = 10.0.40219.1
Project("{8BC9CEB8-8B4A-11D0-8D11-00A0C91BC942}") = "예제11-10", "예제11-10.vcxproj", "{8380A396-4E25-414D-B64C-921AC7785C0D}"
EndProject
Global
	GlobalSection(SolutionConfigurationPlatforms) = preSolution
		Debug|x64 = Debug|x64
		Debug|x86 = Debug|x86
		Release|x64 = Release|x64
		Release|x86 = Release|x86
	EndGlobalSection
	GlobalSection(ProjectConfigurationPlatforms) = postSolution
		{8380A396-4E25-414D-B64C-921AC7785C0D}.Debug|x64.ActiveCfg = Debug|x64
		{8380A396-4E25-414D-B64C-921AC7785C0D}.Debug|x64.Build.0 = Debug|x64
		{8380A396-4E25-414D-B64C-921AC7785C0D}.Debug|x86.ActiveCfg = Debug|Win32
		{8380A396-4E25-414D-B64C-921AC7785C0D}.Debug|x86.Build.0 = Debug|Win32
		{8380A396-4E25-414D-B64C-921AC7785C0D}.Release|x64.ActiveCfg = Release|x64
		{8380A396-4E25-414D-B64C-921AC7785C0D}.Release|x64.Build.0 = Release|x64
		{8380A396-4E25-414D-B64C-921AC7785C0D}.Release|x86.ActiveCfg = Release|Win32
		{8380A396-4E25-414D-B64C-921AC7785C0D}.Release|x86.Build.0 = Release|Win32
	EndGlobalSection
	GlobalSection(SolutionProperties) = preSolution
		HideSolutionNode = FALSE
	EndGlobalSection
	GlobalSection(ExtensibilityGlobals) = postSolution
		SolutionGuid = {812C64C4-4C0A-4901-80EE-8B56A6EFDC06}
	EndGlobalSection
EndGlobal
