
Microsoft Visual Studio Solution File, Format Version 12.00
# Visual Studio Version 16
VisualStudioVersion = 16.0.31515.178
MinimumVisualStudioVersion = 10.0.40219.1
Project("{8BC9CEB8-8B4A-11D0-8D11-00A0C91BC942}") = "prac11", "prac11\prac11.vcxproj", "{9BA7B22A-8A41-496C-9DBB-3A979C0D482E}"
EndProject
Global
	GlobalSection(SolutionConfigurationPlatforms) = preSolution
		Debug|x64 = Debug|x64
		Debug|x86 = Debug|x86
		Release|x64 = Release|x64
		Release|x86 = Release|x86
	EndGlobalSection
	GlobalSection(ProjectConfigurationPlatforms) = postSolution
		{9BA7B22A-8A41-496C-9DBB-3A979C0D482E}.Debug|x64.ActiveCfg = Debug|x64
		{9BA7B22A-8A41-496C-9DBB-3A979C0D482E}.Debug|x64.Build.0 = Debug|x64
		{9BA7B22A-8A41-496C-9DBB-3A979C0D482E}.Debug|x86.ActiveCfg = Debug|Win32
		{9BA7B22A-8A41-496C-9DBB-3A979C0D482E}.Debug|x86.Build.0 = Debug|Win32
		{9BA7B22A-8A41-496C-9DBB-3A979C0D482E}.Release|x64.ActiveCfg = Release|x64
		{9BA7B22A-8A41-496C-9DBB-3A979C0D482E}.Release|x64.Build.0 = Release|x64
		{9BA7B22A-8A41-496C-9DBB-3A979C0D482E}.Release|x86.ActiveCfg = Release|Win32
		{9BA7B22A-8A41-496C-9DBB-3A979C0D482E}.Release|x86.Build.0 = Release|Win32
	EndGlobalSection
	GlobalSection(SolutionProperties) = preSolution
		HideSolutionNode = FALSE
	EndGlobalSection
	GlobalSection(ExtensibilityGlobals) = postSolution
		SolutionGuid = {D982477E-5305-43E2-BEB8-02B234D84DD1}
	EndGlobalSection
EndGlobal
