
Microsoft Visual Studio Solution File, Format Version 12.00
# Visual Studio Version 16
VisualStudioVersion = 16.0.31515.178
MinimumVisualStudioVersion = 10.0.40219.1
Project("{8BC9CEB8-8B4A-11D0-8D11-00A0C91BC942}") = "예제10-11", "예제10-11\예제10-11.vcxproj", "{85E70C2E-197E-440D-9D88-406B7753B78F}"
EndProject
Global
	GlobalSection(SolutionConfigurationPlatforms) = preSolution
		Debug|x64 = Debug|x64
		Debug|x86 = Debug|x86
		Release|x64 = Release|x64
		Release|x86 = Release|x86
	EndGlobalSection
	GlobalSection(ProjectConfigurationPlatforms) = postSolution
		{85E70C2E-197E-440D-9D88-406B7753B78F}.Debug|x64.ActiveCfg = Debug|x64
		{85E70C2E-197E-440D-9D88-406B7753B78F}.Debug|x64.Build.0 = Debug|x64
		{85E70C2E-197E-440D-9D88-406B7753B78F}.Debug|x86.ActiveCfg = Debug|Win32
		{85E70C2E-197E-440D-9D88-406B7753B78F}.Debug|x86.Build.0 = Debug|Win32
		{85E70C2E-197E-440D-9D88-406B7753B78F}.Release|x64.ActiveCfg = Release|x64
		{85E70C2E-197E-440D-9D88-406B7753B78F}.Release|x64.Build.0 = Release|x64
		{85E70C2E-197E-440D-9D88-406B7753B78F}.Release|x86.ActiveCfg = Release|Win32
		{85E70C2E-197E-440D-9D88-406B7753B78F}.Release|x86.Build.0 = Release|Win32
	EndGlobalSection
	GlobalSection(SolutionProperties) = preSolution
		HideSolutionNode = FALSE
	EndGlobalSection
	GlobalSection(ExtensibilityGlobals) = postSolution
		SolutionGuid = {FD2261DC-996B-4B09-8AFB-2A93EA8097C6}
	EndGlobalSection
EndGlobal
