
Microsoft Visual Studio Solution File, Format Version 12.00
# Visual Studio Version 16
VisualStudioVersion = 16.0.31515.178
MinimumVisualStudioVersion = 10.0.40219.1
Project("{8BC9CEB8-8B4A-11D0-8D11-00A0C91BC942}") = "예제7-14", "예제7-14\예제7-14.vcxproj", "{41FF144A-C919-4B86-AB67-E7E5766D882F}"
EndProject
Global
	GlobalSection(SolutionConfigurationPlatforms) = preSolution
		Debug|x64 = Debug|x64
		Debug|x86 = Debug|x86
		Release|x64 = Release|x64
		Release|x86 = Release|x86
	EndGlobalSection
	GlobalSection(ProjectConfigurationPlatforms) = postSolution
		{41FF144A-C919-4B86-AB67-E7E5766D882F}.Debug|x64.ActiveCfg = Debug|x64
		{41FF144A-C919-4B86-AB67-E7E5766D882F}.Debug|x64.Build.0 = Debug|x64
		{41FF144A-C919-4B86-AB67-E7E5766D882F}.Debug|x86.ActiveCfg = Debug|Win32
		{41FF144A-C919-4B86-AB67-E7E5766D882F}.Debug|x86.Build.0 = Debug|Win32
		{41FF144A-C919-4B86-AB67-E7E5766D882F}.Release|x64.ActiveCfg = Release|x64
		{41FF144A-C919-4B86-AB67-E7E5766D882F}.Release|x64.Build.0 = Release|x64
		{41FF144A-C919-4B86-AB67-E7E5766D882F}.Release|x86.ActiveCfg = Release|Win32
		{41FF144A-C919-4B86-AB67-E7E5766D882F}.Release|x86.Build.0 = Release|Win32
	EndGlobalSection
	GlobalSection(SolutionProperties) = preSolution
		HideSolutionNode = FALSE
	EndGlobalSection
	GlobalSection(ExtensibilityGlobals) = postSolution
		SolutionGuid = {838414CD-EF6E-4888-9F48-C7AB43A486C1}
	EndGlobalSection
EndGlobal
