
Microsoft Visual Studio Solution File, Format Version 12.00
# Visual Studio Version 16
VisualStudioVersion = 16.0.31515.178
MinimumVisualStudioVersion = 10.0.40219.1
Project("{8BC9CEB8-8B4A-11D0-8D11-00A0C91BC942}") = "예제5-9", "예제5-9\예제5-9.vcxproj", "{656801BB-AFB0-46D8-B43A-9CA762219641}"
EndProject
Global
	GlobalSection(SolutionConfigurationPlatforms) = preSolution
		Debug|x64 = Debug|x64
		Debug|x86 = Debug|x86
		Release|x64 = Release|x64
		Release|x86 = Release|x86
	EndGlobalSection
	GlobalSection(ProjectConfigurationPlatforms) = postSolution
		{656801BB-AFB0-46D8-B43A-9CA762219641}.Debug|x64.ActiveCfg = Debug|x64
		{656801BB-AFB0-46D8-B43A-9CA762219641}.Debug|x64.Build.0 = Debug|x64
		{656801BB-AFB0-46D8-B43A-9CA762219641}.Debug|x86.ActiveCfg = Debug|Win32
		{656801BB-AFB0-46D8-B43A-9CA762219641}.Debug|x86.Build.0 = Debug|Win32
		{656801BB-AFB0-46D8-B43A-9CA762219641}.Release|x64.ActiveCfg = Release|x64
		{656801BB-AFB0-46D8-B43A-9CA762219641}.Release|x64.Build.0 = Release|x64
		{656801BB-AFB0-46D8-B43A-9CA762219641}.Release|x86.ActiveCfg = Release|Win32
		{656801BB-AFB0-46D8-B43A-9CA762219641}.Release|x86.Build.0 = Release|Win32
	EndGlobalSection
	GlobalSection(SolutionProperties) = preSolution
		HideSolutionNode = FALSE
	EndGlobalSection
	GlobalSection(ExtensibilityGlobals) = postSolution
		SolutionGuid = {936CBB67-0DE6-464F-B66F-7A292E4F8EDB}
	EndGlobalSection
EndGlobal
