
Microsoft Visual Studio Solution File, Format Version 12.00
# Visual Studio Version 16
VisualStudioVersion = 16.0.31515.178
MinimumVisualStudioVersion = 10.0.40219.1
Project("{8BC9CEB8-8B4A-11D0-8D11-00A0C91BC942}") = "예제6-7", "예제6-7\예제6-7.vcxproj", "{A2DF9FD5-2A8B-41B3-B43F-F3C5F697AE4A}"
EndProject
Global
	GlobalSection(SolutionConfigurationPlatforms) = preSolution
		Debug|x64 = Debug|x64
		Debug|x86 = Debug|x86
		Release|x64 = Release|x64
		Release|x86 = Release|x86
	EndGlobalSection
	GlobalSection(ProjectConfigurationPlatforms) = postSolution
		{A2DF9FD5-2A8B-41B3-B43F-F3C5F697AE4A}.Debug|x64.ActiveCfg = Debug|x64
		{A2DF9FD5-2A8B-41B3-B43F-F3C5F697AE4A}.Debug|x64.Build.0 = Debug|x64
		{A2DF9FD5-2A8B-41B3-B43F-F3C5F697AE4A}.Debug|x86.ActiveCfg = Debug|Win32
		{A2DF9FD5-2A8B-41B3-B43F-F3C5F697AE4A}.Debug|x86.Build.0 = Debug|Win32
		{A2DF9FD5-2A8B-41B3-B43F-F3C5F697AE4A}.Release|x64.ActiveCfg = Release|x64
		{A2DF9FD5-2A8B-41B3-B43F-F3C5F697AE4A}.Release|x64.Build.0 = Release|x64
		{A2DF9FD5-2A8B-41B3-B43F-F3C5F697AE4A}.Release|x86.ActiveCfg = Release|Win32
		{A2DF9FD5-2A8B-41B3-B43F-F3C5F697AE4A}.Release|x86.Build.0 = Release|Win32
	EndGlobalSection
	GlobalSection(SolutionProperties) = preSolution
		HideSolutionNode = FALSE
	EndGlobalSection
	GlobalSection(ExtensibilityGlobals) = postSolution
		SolutionGuid = {9987832B-AF85-4857-9712-6E6A824CAACB}
	EndGlobalSection
EndGlobal
